
Microsoft Visual Studio Solution File, Format Version 12.00
# Visual Studio Version 17
VisualStudioVersion = 17.5.33502.453
MinimumVisualStudioVersion = 10.0.40219.1
Project("{FAE04EC0-301F-11D3-BF4B-00C04F79EFBC}") = "Portfolio Of Evidence Part 1", "Portfolio Of Evidence Part 1\Portfolio Of Evidence Part 1.csproj", "{817D5BE0-94FE-450B-9AC0-627FC9282126}"
EndProject
Global
	GlobalSection(SolutionConfigurationPlatforms) = preSolution
		Debug|Any CPU = Debug|Any CPU
		Release|Any CPU = Release|Any CPU
	EndGlobalSection
	GlobalSection(ProjectConfigurationPlatforms) = postSolution
		{817D5BE0-94FE-450B-9AC0-627FC9282126}.Debug|Any CPU.ActiveCfg = Debug|Any CPU
		{817D5BE0-94FE-450B-9AC0-627FC9282126}.Debug|Any CPU.Build.0 = Debug|Any CPU
		{817D5BE0-94FE-450B-9AC0-627FC9282126}.Release|Any CPU.ActiveCfg = Release|Any CPU
		{817D5BE0-94FE-450B-9AC0-627FC9282126}.Release|Any CPU.Build.0 = Release|Any CPU
	EndGlobalSection
	GlobalSection(SolutionProperties) = preSolution
		HideSolutionNode = FALSE
	EndGlobalSection
	GlobalSection(ExtensibilityGlobals) = postSolution
		SolutionGuid = {95F02399-3B8F-4E15-991E-FBB23D76E991}
	EndGlobalSection
EndGlobal
